
Microsoft Visual Studio Solution File, Format Version 12.00
# Visual Studio Version 17
VisualStudioVersion = 17.4.33213.308
MinimumVisualStudioVersion = 10.0.40219.1
Project("{FAE04EC0-301F-11D3-BF4B-00C04F79EFBC}") = "Poligon_2024", "Poligon_2024.csproj", "{95F3AE85-CC77-41F0-A22E-50AAFDDE4AF0}"
EndProject
Global
	GlobalSection(SolutionConfigurationPlatforms) = preSolution
		Debug|Any CPU = Debug|Any CPU
		Release|Any CPU = Release|Any CPU
	EndGlobalSection
	GlobalSection(ProjectConfigurationPlatforms) = postSolution
		{95F3AE85-CC77-41F0-A22E-50AAFDDE4AF0}.Debug|Any CPU.ActiveCfg = Debug|Any CPU
		{95F3AE85-CC77-41F0-A22E-50AAFDDE4AF0}.Debug|Any CPU.Build.0 = Debug|Any CPU
		{95F3AE85-CC77-41F0-A22E-50AAFDDE4AF0}.Release|Any CPU.ActiveCfg = Release|Any CPU
		{95F3AE85-CC77-41F0-A22E-50AAFDDE4AF0}.Release|Any CPU.Build.0 = Release|Any CPU
	EndGlobalSection
	GlobalSection(SolutionProperties) = preSolution
		HideSolutionNode = FALSE
	EndGlobalSection
	GlobalSection(ExtensibilityGlobals) = postSolution
		SolutionGuid = {FC2656BA-E5C3-4609-BD63-A4315CB96054}
	EndGlobalSection
EndGlobal
